
Microsoft Visual Studio Solution File, Format Version 12.00
# Visual Studio Version 17
VisualStudioVersion = 17.5.33530.505
MinimumVisualStudioVersion = 10.0.40219.1
Project("{2150E333-8FDC-42A3-9474-1A3956D46DE8}") = "ApiConsume", "ApiConsume", "{D534F05D-6114-4656-893A-7FFF0551DFE5}"
EndProject
Project("{2150E333-8FDC-42A3-9474-1A3956D46DE8}") = "Frontend", "Frontend", "{0C0AD8AB-54C3-49CB-8815-DA9129918AEA}"
EndProject
Project("{2150E333-8FDC-42A3-9474-1A3956D46DE8}") = "ToDoList", "ToDoList", "{01826997-1849-41C7-9684-06E3ADED57C2}"
	ProjectSection(SolutionItems) = preProject
		Steps.txt = Steps.txt
	EndProjectSection
EndProject
Project("{9A19103F-16F7-4668-BE54-9A1E7A4F7556}") = "HotelProject.WebApi", "ApiConsume\HotelProject.WebApi\HotelProject.WebApi.csproj", "{3370E2C1-29A1-4E70-959A-38D822C8582A}"
EndProject
Project("{9A19103F-16F7-4668-BE54-9A1E7A4F7556}") = "HotelProject.Business", "ApiConsume\HotelProject.Business\HotelProject.Business.csproj", "{016CA50D-BA08-4DA7-AAE0-CA9B1F33EF78}"
EndProject
Project("{9A19103F-16F7-4668-BE54-9A1E7A4F7556}") = "HotelProject.DataAccess", "ApiConsume\HotelProject.DataAccess\HotelProject.DataAccess.csproj", "{82FB0A8E-0527-4527-AC3E-A165594DCE59}"
EndProject
Project("{9A19103F-16F7-4668-BE54-9A1E7A4F7556}") = "HotelProject.Entity", "ApiConsume\HotelProject.Entity\HotelProject.Entity.csproj", "{FD4CAF56-C601-40C1-A1FB-BC75310C019A}"
EndProject
Project("{9A19103F-16F7-4668-BE54-9A1E7A4F7556}") = "HotelProject.Dto", "ApiConsume\HotelProject.Dto\HotelProject.Dto.csproj", "{B68FBBF4-49F2-471F-8A79-690C6BAD8099}"
EndProject
Project("{9A19103F-16F7-4668-BE54-9A1E7A4F7556}") = "HotelProject.WebUI", "Frontend\HotelProject.WebUI\HotelProject.WebUI.csproj", "{6349AC11-268C-41CE-AB6A-5F25BDF19584}"
EndProject
Global
	GlobalSection(SolutionConfigurationPlatforms) = preSolution
		Debug|Any CPU = Debug|Any CPU
		Release|Any CPU = Release|Any CPU
	EndGlobalSection
	GlobalSection(ProjectConfigurationPlatforms) = postSolution
		{3370E2C1-29A1-4E70-959A-38D822C8582A}.Debug|Any CPU.ActiveCfg = Debug|Any CPU
		{3370E2C1-29A1-4E70-959A-38D822C8582A}.Debug|Any CPU.Build.0 = Debug|Any CPU
		{3370E2C1-29A1-4E70-959A-38D822C8582A}.Release|Any CPU.ActiveCfg = Release|Any CPU
		{3370E2C1-29A1-4E70-959A-38D822C8582A}.Release|Any CPU.Build.0 = Release|Any CPU
		{016CA50D-BA08-4DA7-AAE0-CA9B1F33EF78}.Debug|Any CPU.ActiveCfg = Debug|Any CPU
		{016CA50D-BA08-4DA7-AAE0-CA9B1F33EF78}.Debug|Any CPU.Build.0 = Debug|Any CPU
		{016CA50D-BA08-4DA7-AAE0-CA9B1F33EF78}.Release|Any CPU.ActiveCfg = Release|Any CPU
		{016CA50D-BA08-4DA7-AAE0-CA9B1F33EF78}.Release|Any CPU.Build.0 = Release|Any CPU
		{82FB0A8E-0527-4527-AC3E-A165594DCE59}.Debug|Any CPU.ActiveCfg = Debug|Any CPU
		{82FB0A8E-0527-4527-AC3E-A165594DCE59}.Debug|Any CPU.Build.0 = Debug|Any CPU
		{82FB0A8E-0527-4527-AC3E-A165594DCE59}.Release|Any CPU.ActiveCfg = Release|Any CPU
		{82FB0A8E-0527-4527-AC3E-A165594DCE59}.Release|Any CPU.Build.0 = Release|Any CPU
		{FD4CAF56-C601-40C1-A1FB-BC75310C019A}.Debug|Any CPU.ActiveCfg = Debug|Any CPU
		{FD4CAF56-C601-40C1-A1FB-BC75310C019A}.Debug|Any CPU.Build.0 = Debug|Any CPU
		{FD4CAF56-C601-40C1-A1FB-BC75310C019A}.Release|Any CPU.ActiveCfg = Release|Any CPU
		{FD4CAF56-C601-40C1-A1FB-BC75310C019A}.Release|Any CPU.Build.0 = Release|Any CPU
		{B68FBBF4-49F2-471F-8A79-690C6BAD8099}.Debug|Any CPU.ActiveCfg = Debug|Any CPU
		{B68FBBF4-49F2-471F-8A79-690C6BAD8099}.Debug|Any CPU.Build.0 = Debug|Any CPU
		{B68FBBF4-49F2-471F-8A79-690C6BAD8099}.Release|Any CPU.ActiveCfg = Release|Any CPU
		{B68FBBF4-49F2-471F-8A79-690C6BAD8099}.Release|Any CPU.Build.0 = Release|Any CPU
		{6349AC11-268C-41CE-AB6A-5F25BDF19584}.Debug|Any CPU.ActiveCfg = Debug|Any CPU
		{6349AC11-268C-41CE-AB6A-5F25BDF19584}.Debug|Any CPU.Build.0 = Debug|Any CPU
		{6349AC11-268C-41CE-AB6A-5F25BDF19584}.Release|Any CPU.ActiveCfg = Release|Any CPU
		{6349AC11-268C-41CE-AB6A-5F25BDF19584}.Release|Any CPU.Build.0 = Release|Any CPU
	EndGlobalSection
	GlobalSection(SolutionProperties) = preSolution
		HideSolutionNode = FALSE
	EndGlobalSection
	GlobalSection(NestedProjects) = preSolution
		{3370E2C1-29A1-4E70-959A-38D822C8582A} = {D534F05D-6114-4656-893A-7FFF0551DFE5}
		{016CA50D-BA08-4DA7-AAE0-CA9B1F33EF78} = {D534F05D-6114-4656-893A-7FFF0551DFE5}
		{82FB0A8E-0527-4527-AC3E-A165594DCE59} = {D534F05D-6114-4656-893A-7FFF0551DFE5}
		{FD4CAF56-C601-40C1-A1FB-BC75310C019A} = {D534F05D-6114-4656-893A-7FFF0551DFE5}
		{B68FBBF4-49F2-471F-8A79-690C6BAD8099} = {D534F05D-6114-4656-893A-7FFF0551DFE5}
		{6349AC11-268C-41CE-AB6A-5F25BDF19584} = {0C0AD8AB-54C3-49CB-8815-DA9129918AEA}
	EndGlobalSection
	GlobalSection(ExtensibilityGlobals) = postSolution
		SolutionGuid = {16043B13-F96C-4493-8E8A-C77F05F33E2D}
	EndGlobalSection
EndGlobal
